// !$*UTF8*$!
{
	archiveVersion = 1;
	classes = {
	};
	objectVersion = 52;
	objects = {

/* Begin PBXBuildFile section */
		BC01C12A2480ECD200227F48 /* Alamofire in Frameworks */ = {isa = PBXBuildFile; productRef = BC01C1292480ECD200227F48 /* Alamofire */; };
		BC228FD3247DB2A1004C79AF /* CommitMO+CoreDataClass.swift in Sources */ = {isa = PBXBuildFile; fileRef = BC228FD1247DB2A1004C79AF /* CommitMO+CoreDataClass.swift */; };
		BC228FD8247DBA8B004C79AF /* GithubCommitsVC.swift in Sources */ = {isa = PBXBuildFile; fileRef = BC228FD7247DBA8B004C79AF /* GithubCommitsVC.swift */; };
		BC228FDE247DC6A3004C79AF /* CommitMO+CoreDataProperties.swift in Sources */ = {isa = PBXBuildFile; fileRef = BC228FDA247DC6A3004C79AF /* CommitMO+CoreDataProperties.swift */; };
		BC228FDF247DC6A3004C79AF /* AuthorMO+CoreDataClass.swift in Sources */ = {isa = PBXBuildFile; fileRef = BC228FDB247DC6A3004C79AF /* AuthorMO+CoreDataClass.swift */; };
		BC228FE0247DC6A3004C79AF /* AuthorMO+CoreDataProperties.swift in Sources */ = {isa = PBXBuildFile; fileRef = BC228FDC247DC6A3004C79AF /* AuthorMO+CoreDataProperties.swift */; };
		BC2E9FE8248082490052D04B /* P_DatabaseModelService.swift in Sources */ = {isa = PBXBuildFile; fileRef = BC2E9FE7248082490052D04B /* P_DatabaseModelService.swift */; };
		BC311B8B2482971E00A2E20C /* GithubService.swift in Sources */ = {isa = PBXBuildFile; fileRef = BC311B8A2482971E00A2E20C /* GithubService.swift */; };
		BC43B3B5247B15640096427F /* UIView+Snapshot.swift in Sources */ = {isa = PBXBuildFile; fileRef = BC43B3B4247B15640096427F /* UIView+Snapshot.swift */; };
		BC607C08247EFE760004F9AB /* AuthorNO.swift in Sources */ = {isa = PBXBuildFile; fileRef = BC607C07247EFE760004F9AB /* AuthorNO.swift */; };
		BC607C0A247EFE8A0004F9AB /* CommitNO.swift in Sources */ = {isa = PBXBuildFile; fileRef = BC607C09247EFE8A0004F9AB /* CommitNO.swift */; };
		BC6817EA247F0591007FA653 /* DatabaseCommitService.swift in Sources */ = {isa = PBXBuildFile; fileRef = BC6817E9247F0591007FA653 /* DatabaseCommitService.swift */; };
		BC6817EC247F05A2007FA653 /* DatabaseError.swift in Sources */ = {isa = PBXBuildFile; fileRef = BC6817EB247F05A2007FA653 /* DatabaseError.swift */; };
		BC6817EE247F08C3007FA653 /* DatabaseAuthorService.swift in Sources */ = {isa = PBXBuildFile; fileRef = BC6817ED247F08C3007FA653 /* DatabaseAuthorService.swift */; };
		BC6817F0247F2370007FA653 /* NetworkClient.swift in Sources */ = {isa = PBXBuildFile; fileRef = BC6817EF247F2370007FA653 /* NetworkClient.swift */; };
		BC69E3352483D492005D9EAD /* NetworkRequest.swift in Sources */ = {isa = PBXBuildFile; fileRef = BC69E3342483D492005D9EAD /* NetworkRequest.swift */; };
		BC6B96FB2477BE9B00764C6C /* CreditCardView.swift in Sources */ = {isa = PBXBuildFile; fileRef = BC6B96FA2477BE9B00764C6C /* CreditCardView.swift */; };
		BC6B97012477BF0500764C6C /* CreditCardView.xib in Resources */ = {isa = PBXBuildFile; fileRef = BC6B97002477BF0500764C6C /* CreditCardView.xib */; };
		BC6B97062477C17400764C6C /* UIView.swift in Sources */ = {isa = PBXBuildFile; fileRef = BC6B97052477C17400764C6C /* UIView.swift */; };
		BC6B97082477C19600764C6C /* CGColor+UIColor.swift in Sources */ = {isa = PBXBuildFile; fileRef = BC6B97072477C19600764C6C /* CGColor+UIColor.swift */; };
		BC6B970A2477C1D900764C6C /* UIButton.swift in Sources */ = {isa = PBXBuildFile; fileRef = BC6B97092477C1D900764C6C /* UIButton.swift */; };
		BC6B970C2477C1EC00764C6C /* UIImageView.swift in Sources */ = {isa = PBXBuildFile; fileRef = BC6B970B2477C1EC00764C6C /* UIImageView.swift */; };
		BC6B970E2477C20400764C6C /* UITextField.swift in Sources */ = {isa = PBXBuildFile; fileRef = BC6B970D2477C20400764C6C /* UITextField.swift */; };
		BC6B97102477C24E00764C6C /* UILabel.swift in Sources */ = {isa = PBXBuildFile; fileRef = BC6B970F2477C24E00764C6C /* UILabel.swift */; };
		BC6B97122477C26B00764C6C /* UISegmentedControl.swift in Sources */ = {isa = PBXBuildFile; fileRef = BC6B97112477C26B00764C6C /* UISegmentedControl.swift */; };
		BC6B97152477C7C600764C6C /* P_XibLoadableView.swift in Sources */ = {isa = PBXBuildFile; fileRef = BC6B97142477C7C600764C6C /* P_XibLoadableView.swift */; };
		BC75B27824827A6A008DD933 /* P_DatabaseModel.swift in Sources */ = {isa = PBXBuildFile; fileRef = BC75B27724827A6A008DD933 /* P_DatabaseModel.swift */; };
		BC75B27A24827ADD008DD933 /* AuthorMO+P_DatabaseModel.swift in Sources */ = {isa = PBXBuildFile; fileRef = BC75B27924827ADD008DD933 /* AuthorMO+P_DatabaseModel.swift */; };
		BC75B27C24827AF9008DD933 /* CommitMO+P_DatabaseModel.swift in Sources */ = {isa = PBXBuildFile; fileRef = BC75B27B24827AF9008DD933 /* CommitMO+P_DatabaseModel.swift */; };
		BC75B27E2482803A008DD933 /* DatabaseFetchOptions.swift in Sources */ = {isa = PBXBuildFile; fileRef = BC75B27D2482803A008DD933 /* DatabaseFetchOptions.swift */; };
		BC75B28024828CA5008DD933 /* MultipartFormData.swift in Sources */ = {isa = PBXBuildFile; fileRef = BC75B27F24828CA5008DD933 /* MultipartFormData.swift */; };
		BC75B28224828CCD008DD933 /* NetworkClientError.swift in Sources */ = {isa = PBXBuildFile; fileRef = BC75B28124828CCD008DD933 /* NetworkClientError.swift */; };
		BC969C1624753BE20070A065 /* AppDelegate.swift in Sources */ = {isa = PBXBuildFile; fileRef = BC969C1524753BE20070A065 /* AppDelegate.swift */; };
		BC969C1A24753BE20070A065 /* ViewController.swift in Sources */ = {isa = PBXBuildFile; fileRef = BC969C1924753BE20070A065 /* ViewController.swift */; };
		BC969C1D24753BE20070A065 /* Main.storyboard in Resources */ = {isa = PBXBuildFile; fileRef = BC969C1B24753BE20070A065 /* Main.storyboard */; };
		BC969C1F24753BE50070A065 /* Assets.xcassets in Resources */ = {isa = PBXBuildFile; fileRef = BC969C1E24753BE50070A065 /* Assets.xcassets */; };
		BC969C2224753BE50070A065 /* LaunchScreen.storyboard in Resources */ = {isa = PBXBuildFile; fileRef = BC969C2024753BE50070A065 /* LaunchScreen.storyboard */; };
		BC969C2B24753E460070A065 /* TabBarTransitionAnimator.swift in Sources */ = {isa = PBXBuildFile; fileRef = BC969C2A24753E460070A065 /* TabBarTransitionAnimator.swift */; };
		BC969C2F24753E7A0070A065 /* TabBarInteractiveAnimator.swift in Sources */ = {isa = PBXBuildFile; fileRef = BC969C2E24753E7A0070A065 /* TabBarInteractiveAnimator.swift */; };
		BC969C3324753ECB0070A065 /* TabBarController.swift in Sources */ = {isa = PBXBuildFile; fileRef = BC969C3224753ECB0070A065 /* TabBarController.swift */; };
		BCADC32E24803FC500599CB5 /* Task.swift in Sources */ = {isa = PBXBuildFile; fileRef = BCADC32D24803FC500599CB5 /* Task.swift */; };
		BCADC3302480401C00599CB5 /* DatabaseSort.swift in Sources */ = {isa = PBXBuildFile; fileRef = BCADC32F2480401C00599CB5 /* DatabaseSort.swift */; };
		BCADC3322480479300599CB5 /* Predicates.swift in Sources */ = {isa = PBXBuildFile; fileRef = BCADC3312480479300599CB5 /* Predicates.swift */; };
		BCADC3342480503300599CB5 /* DatabasePredicate.swift in Sources */ = {isa = PBXBuildFile; fileRef = BCADC3332480503300599CB5 /* DatabasePredicate.swift */; };
		BCADC3362480505700599CB5 /* NSManagedObject+KeyPath.swift in Sources */ = {isa = PBXBuildFile; fileRef = BCADC3352480505700599CB5 /* NSManagedObject+KeyPath.swift */; };
		BCAE9B52249535E4006334BE /* UmicoNavigationController.swift in Sources */ = {isa = PBXBuildFile; fileRef = BCAE9B51249535E4006334BE /* UmicoNavigationController.swift */; };
		BCAE9B552495363A006334BE /* ViewController3.swift in Sources */ = {isa = PBXBuildFile; fileRef = BCAE9B542495363A006334BE /* ViewController3.swift */; };
		BCAE9B572495364C006334BE /* ViewController4.swift in Sources */ = {isa = PBXBuildFile; fileRef = BCAE9B562495364C006334BE /* ViewController4.swift */; };
		BCAE9B59249549A5006334BE /* Path.swift in Sources */ = {isa = PBXBuildFile; fileRef = BCAE9B58249549A5006334BE /* Path.swift */; };
		BCAE9B5B249549C5006334BE /* Method.swift in Sources */ = {isa = PBXBuildFile; fileRef = BCAE9B5A249549C5006334BE /* Method.swift */; };
		BCAE9B5D249549F2006334BE /* BodyParameters.swift in Sources */ = {isa = PBXBuildFile; fileRef = BCAE9B5C249549F2006334BE /* BodyParameters.swift */; };
		BCAE9B5F24954A14006334BE /* QueryParameters.swift in Sources */ = {isa = PBXBuildFile; fileRef = BCAE9B5E24954A14006334BE /* QueryParameters.swift */; };
		BCBF7A0A24795963007EA76E /* P_ClosureSelector.swift in Sources */ = {isa = PBXBuildFile; fileRef = BCBF7A0924795963007EA76E /* P_ClosureSelector.swift */; };
		BCC654032479AB1300FF0A65 /* UITextFieldRegex.swift in Sources */ = {isa = PBXBuildFile; fileRef = BCC654022479AB1300FF0A65 /* UITextFieldRegex.swift */; };
		BCC8977124793C3300060CF9 /* String+App Version.swift in Sources */ = {isa = PBXBuildFile; fileRef = BCC8977024793C3300060CF9 /* String+App Version.swift */; };
		BCC8977424793D4A00060CF9 /* Reflection.swift in Sources */ = {isa = PBXBuildFile; fileRef = BCC8977324793D4A00060CF9 /* Reflection.swift */; };
		BCC8977624793FD900060CF9 /* TypeSafeIndentifiers.swift in Sources */ = {isa = PBXBuildFile; fileRef = BCC8977524793FD900060CF9 /* TypeSafeIndentifiers.swift */; };
		BCC89778247942B800060CF9 /* UIImage+Color.swift in Sources */ = {isa = PBXBuildFile; fileRef = BCC89777247942B800060CF9 /* UIImage+Color.swift */; };
		BCC8977B247942E200060CF9 /* UIImage+CornerRadius.swift in Sources */ = {isa = PBXBuildFile; fileRef = BCC8977A247942E200060CF9 /* UIImage+CornerRadius.swift */; };
		BCC8977E2479493B00060CF9 /* P_KeyboardObservable.swift in Sources */ = {isa = PBXBuildFile; fileRef = BCC8977D2479493B00060CF9 /* P_KeyboardObservable.swift */; };
		BCD6B4D82475BBD300731283 /* TabBarSharedView.swift in Sources */ = {isa = PBXBuildFile; fileRef = BCD6B4D72475BBD300731283 /* TabBarSharedView.swift */; };
		BCEB51BE24769736001E366D /* AnimationOptions+AnimationCurve.swift in Sources */ = {isa = PBXBuildFile; fileRef = BCEB51BD24769736001E366D /* AnimationOptions+AnimationCurve.swift */; };
		BCF98920247C2C97003DE64F /* DatabaseV1.xcdatamodeld in Sources */ = {isa = PBXBuildFile; fileRef = BCF9891E247C2C97003DE64F /* DatabaseV1.xcdatamodeld */; };
		BCF98923247C2D57003DE64F /* DatabaseClient.swift in Sources */ = {isa = PBXBuildFile; fileRef = BCF98922247C2D57003DE64F /* DatabaseClient.swift */; };
		BCFE2C4A2476017600293574 /* P_TabBarChildViewController.swift in Sources */ = {isa = PBXBuildFile; fileRef = BCFE2C492476017600293574 /* P_TabBarChildViewController.swift */; };
/* End PBXBuildFile section */

/* Begin PBXFileReference section */
		BC228FD1247DB2A1004C79AF /* CommitMO+CoreDataClass.swift */ = {isa = PBXFileReference; lastKnownFileType = sourcecode.swift; path = "CommitMO+CoreDataClass.swift"; sourceTree = "<group>"; };
		BC228FD7247DBA8B004C79AF /* GithubCommitsVC.swift */ = {isa = PBXFileReference; lastKnownFileType = sourcecode.swift; path = GithubCommitsVC.swift; sourceTree = "<group>"; };
		BC228FDA247DC6A3004C79AF /* CommitMO+CoreDataProperties.swift */ = {isa = PBXFileReference; lastKnownFileType = sourcecode.swift; path = "CommitMO+CoreDataProperties.swift"; sourceTree = "<group>"; };
		BC228FDB247DC6A3004C79AF /* AuthorMO+CoreDataClass.swift */ = {isa = PBXFileReference; lastKnownFileType = sourcecode.swift; path = "AuthorMO+CoreDataClass.swift"; sourceTree = "<group>"; };
		BC228FDC247DC6A3004C79AF /* AuthorMO+CoreDataProperties.swift */ = {isa = PBXFileReference; lastKnownFileType = sourcecode.swift; path = "AuthorMO+CoreDataProperties.swift"; sourceTree = "<group>"; };
		BC2E9FE7248082490052D04B /* P_DatabaseModelService.swift */ = {isa = PBXFileReference; lastKnownFileType = sourcecode.swift; path = P_DatabaseModelService.swift; sourceTree = "<group>"; };
		BC311B8A2482971E00A2E20C /* GithubService.swift */ = {isa = PBXFileReference; lastKnownFileType = sourcecode.swift; path = GithubService.swift; sourceTree = "<group>"; };
		BC43B3B4247B15640096427F /* UIView+Snapshot.swift */ = {isa = PBXFileReference; lastKnownFileType = sourcecode.swift; path = "UIView+Snapshot.swift"; sourceTree = "<group>"; };
		BC607C07247EFE760004F9AB /* AuthorNO.swift */ = {isa = PBXFileReference; lastKnownFileType = sourcecode.swift; path = AuthorNO.swift; sourceTree = "<group>"; };
		BC607C09247EFE8A0004F9AB /* CommitNO.swift */ = {isa = PBXFileReference; lastKnownFileType = sourcecode.swift; path = CommitNO.swift; sourceTree = "<group>"; };
		BC6817E9247F0591007FA653 /* DatabaseCommitService.swift */ = {isa = PBXFileReference; lastKnownFileType = sourcecode.swift; path = DatabaseCommitService.swift; sourceTree = "<group>"; };
		BC6817EB247F05A2007FA653 /* DatabaseError.swift */ = {isa = PBXFileReference; lastKnownFileType = sourcecode.swift; path = DatabaseError.swift; sourceTree = "<group>"; };
		BC6817ED247F08C3007FA653 /* DatabaseAuthorService.swift */ = {isa = PBXFileReference; lastKnownFileType = sourcecode.swift; path = DatabaseAuthorService.swift; sourceTree = "<group>"; };
		BC6817EF247F2370007FA653 /* NetworkClient.swift */ = {isa = PBXFileReference; lastKnownFileType = sourcecode.swift; path = NetworkClient.swift; sourceTree = "<group>"; };
		BC69E3342483D492005D9EAD /* NetworkRequest.swift */ = {isa = PBXFileReference; lastKnownFileType = sourcecode.swift; path = NetworkRequest.swift; sourceTree = "<group>"; };
		BC6B96FA2477BE9B00764C6C /* CreditCardView.swift */ = {isa = PBXFileReference; lastKnownFileType = sourcecode.swift; path = CreditCardView.swift; sourceTree = "<group>"; };
		BC6B97002477BF0500764C6C /* CreditCardView.xib */ = {isa = PBXFileReference; lastKnownFileType = file.xib; path = CreditCardView.xib; sourceTree = "<group>"; };
		BC6B97052477C17400764C6C /* UIView.swift */ = {isa = PBXFileReference; lastKnownFileType = sourcecode.swift; path = UIView.swift; sourceTree = "<group>"; };
		BC6B97072477C19600764C6C /* CGColor+UIColor.swift */ = {isa = PBXFileReference; lastKnownFileType = sourcecode.swift; path = "CGColor+UIColor.swift"; sourceTree = "<group>"; };
		BC6B97092477C1D900764C6C /* UIButton.swift */ = {isa = PBXFileReference; lastKnownFileType = sourcecode.swift; path = UIButton.swift; sourceTree = "<group>"; };
		BC6B970B2477C1EC00764C6C /* UIImageView.swift */ = {isa = PBXFileReference; lastKnownFileType = sourcecode.swift; path = UIImageView.swift; sourceTree = "<group>"; };
		BC6B970D2477C20400764C6C /* UITextField.swift */ = {isa = PBXFileReference; lastKnownFileType = sourcecode.swift; path = UITextField.swift; sourceTree = "<group>"; };
		BC6B970F2477C24E00764C6C /* UILabel.swift */ = {isa = PBXFileReference; lastKnownFileType = sourcecode.swift; path = UILabel.swift; sourceTree = "<group>"; };
		BC6B97112477C26B00764C6C /* UISegmentedControl.swift */ = {isa = PBXFileReference; lastKnownFileType = sourcecode.swift; path = UISegmentedControl.swift; sourceTree = "<group>"; };
		BC6B97142477C7C600764C6C /* P_XibLoadableView.swift */ = {isa = PBXFileReference; lastKnownFileType = sourcecode.swift; path = P_XibLoadableView.swift; sourceTree = "<group>"; };
		BC75B27724827A6A008DD933 /* P_DatabaseModel.swift */ = {isa = PBXFileReference; lastKnownFileType = sourcecode.swift; path = P_DatabaseModel.swift; sourceTree = "<group>"; };
		BC75B27924827ADD008DD933 /* AuthorMO+P_DatabaseModel.swift */ = {isa = PBXFileReference; lastKnownFileType = sourcecode.swift; path = "AuthorMO+P_DatabaseModel.swift"; sourceTree = "<group>"; };
		BC75B27B24827AF9008DD933 /* CommitMO+P_DatabaseModel.swift */ = {isa = PBXFileReference; lastKnownFileType = sourcecode.swift; path = "CommitMO+P_DatabaseModel.swift"; sourceTree = "<group>"; };
		BC75B27D2482803A008DD933 /* DatabaseFetchOptions.swift */ = {isa = PBXFileReference; lastKnownFileType = sourcecode.swift; path = DatabaseFetchOptions.swift; sourceTree = "<group>"; };
		BC75B27F24828CA5008DD933 /* MultipartFormData.swift */ = {isa = PBXFileReference; lastKnownFileType = sourcecode.swift; path = MultipartFormData.swift; sourceTree = "<group>"; };
		BC75B28124828CCD008DD933 /* NetworkClientError.swift */ = {isa = PBXFileReference; lastKnownFileType = sourcecode.swift; path = NetworkClientError.swift; sourceTree = "<group>"; };
		BC969C1224753BE20070A065 /* SwipeTabBarController.app */ = {isa = PBXFileReference; explicitFileType = wrapper.application; includeInIndex = 0; path = SwipeTabBarController.app; sourceTree = BUILT_PRODUCTS_DIR; };
		BC969C1524753BE20070A065 /* AppDelegate.swift */ = {isa = PBXFileReference; lastKnownFileType = sourcecode.swift; path = AppDelegate.swift; sourceTree = "<group>"; };
		BC969C1924753BE20070A065 /* ViewController.swift */ = {isa = PBXFileReference; lastKnownFileType = sourcecode.swift; path = ViewController.swift; sourceTree = "<group>"; };
		BC969C1C24753BE20070A065 /* Base */ = {isa = PBXFileReference; lastKnownFileType = file.storyboard; name = Base; path = Base.lproj/Main.storyboard; sourceTree = "<group>"; };
		BC969C1E24753BE50070A065 /* Assets.xcassets */ = {isa = PBXFileReference; lastKnownFileType = folder.assetcatalog; path = Assets.xcassets; sourceTree = "<group>"; };
		BC969C2124753BE50070A065 /* Base */ = {isa = PBXFileReference; lastKnownFileType = file.storyboard; name = Base; path = Base.lproj/LaunchScreen.storyboard; sourceTree = "<group>"; };
		BC969C2324753BE50070A065 /* Info.plist */ = {isa = PBXFileReference; lastKnownFileType = text.plist.xml; path = Info.plist; sourceTree = "<group>"; };
		BC969C2A24753E460070A065 /* TabBarTransitionAnimator.swift */ = {isa = PBXFileReference; lastKnownFileType = sourcecode.swift; path = TabBarTransitionAnimator.swift; sourceTree = "<group>"; };
		BC969C2E24753E7A0070A065 /* TabBarInteractiveAnimator.swift */ = {isa = PBXFileReference; lastKnownFileType = sourcecode.swift; path = TabBarInteractiveAnimator.swift; sourceTree = "<group>"; };
		BC969C3224753ECB0070A065 /* TabBarController.swift */ = {isa = PBXFileReference; lastKnownFileType = sourcecode.swift; path = TabBarController.swift; sourceTree = "<group>"; };
		BCADC32D24803FC500599CB5 /* Task.swift */ = {isa = PBXFileReference; lastKnownFileType = sourcecode.swift; path = Task.swift; sourceTree = "<group>"; };
		BCADC32F2480401C00599CB5 /* DatabaseSort.swift */ = {isa = PBXFileReference; lastKnownFileType = sourcecode.swift; path = DatabaseSort.swift; sourceTree = "<group>"; };
		BCADC3312480479300599CB5 /* Predicates.swift */ = {isa = PBXFileReference; lastKnownFileType = sourcecode.swift; path = Predicates.swift; sourceTree = "<group>"; };
		BCADC3332480503300599CB5 /* DatabasePredicate.swift */ = {isa = PBXFileReference; lastKnownFileType = sourcecode.swift; path = DatabasePredicate.swift; sourceTree = "<group>"; };
		BCADC3352480505700599CB5 /* NSManagedObject+KeyPath.swift */ = {isa = PBXFileReference; lastKnownFileType = sourcecode.swift; path = "NSManagedObject+KeyPath.swift"; sourceTree = "<group>"; };
		BCAE9B51249535E4006334BE /* UmicoNavigationController.swift */ = {isa = PBXFileReference; lastKnownFileType = sourcecode.swift; path = UmicoNavigationController.swift; sourceTree = "<group>"; };
		BCAE9B542495363A006334BE /* ViewController3.swift */ = {isa = PBXFileReference; lastKnownFileType = sourcecode.swift; path = ViewController3.swift; sourceTree = "<group>"; };
		BCAE9B562495364C006334BE /* ViewController4.swift */ = {isa = PBXFileReference; lastKnownFileType = sourcecode.swift; path = ViewController4.swift; sourceTree = "<group>"; };
		BCAE9B58249549A5006334BE /* Path.swift */ = {isa = PBXFileReference; lastKnownFileType = sourcecode.swift; path = Path.swift; sourceTree = "<group>"; };
		BCAE9B5A249549C5006334BE /* Method.swift */ = {isa = PBXFileReference; lastKnownFileType = sourcecode.swift; path = Method.swift; sourceTree = "<group>"; };
		BCAE9B5C249549F2006334BE /* BodyParameters.swift */ = {isa = PBXFileReference; lastKnownFileType = sourcecode.swift; path = BodyParameters.swift; sourceTree = "<group>"; };
		BCAE9B5E24954A14006334BE /* QueryParameters.swift */ = {isa = PBXFileReference; lastKnownFileType = sourcecode.swift; path = QueryParameters.swift; sourceTree = "<group>"; };
		BCBF7A0924795963007EA76E /* P_ClosureSelector.swift */ = {isa = PBXFileReference; fileEncoding = 4; lastKnownFileType = sourcecode.swift; path = P_ClosureSelector.swift; sourceTree = "<group>"; };
		BCC654022479AB1300FF0A65 /* UITextFieldRegex.swift */ = {isa = PBXFileReference; lastKnownFileType = sourcecode.swift; path = UITextFieldRegex.swift; sourceTree = "<group>"; };
		BCC8977024793C3300060CF9 /* String+App Version.swift */ = {isa = PBXFileReference; lastKnownFileType = sourcecode.swift; path = "String+App Version.swift"; sourceTree = "<group>"; };
		BCC8977324793D4A00060CF9 /* Reflection.swift */ = {isa = PBXFileReference; lastKnownFileType = sourcecode.swift; path = Reflection.swift; sourceTree = "<group>"; };
		BCC8977524793FD900060CF9 /* TypeSafeIndentifiers.swift */ = {isa = PBXFileReference; lastKnownFileType = sourcecode.swift; path = TypeSafeIndentifiers.swift; sourceTree = "<group>"; };
		BCC89777247942B800060CF9 /* UIImage+Color.swift */ = {isa = PBXFileReference; lastKnownFileType = sourcecode.swift; path = "UIImage+Color.swift"; sourceTree = "<group>"; };
		BCC8977A247942E200060CF9 /* UIImage+CornerRadius.swift */ = {isa = PBXFileReference; lastKnownFileType = sourcecode.swift; path = "UIImage+CornerRadius.swift"; sourceTree = "<group>"; };
		BCC8977D2479493B00060CF9 /* P_KeyboardObservable.swift */ = {isa = PBXFileReference; fileEncoding = 4; lastKnownFileType = sourcecode.swift; path = P_KeyboardObservable.swift; sourceTree = "<group>"; };
		BCD6B4D72475BBD300731283 /* TabBarSharedView.swift */ = {isa = PBXFileReference; lastKnownFileType = sourcecode.swift; path = TabBarSharedView.swift; sourceTree = "<group>"; };
		BCEB51BD24769736001E366D /* AnimationOptions+AnimationCurve.swift */ = {isa = PBXFileReference; lastKnownFileType = sourcecode.swift; path = "AnimationOptions+AnimationCurve.swift"; sourceTree = "<group>"; };
		BCF9891F247C2C97003DE64F /* DatabaseV1.xcdatamodel */ = {isa = PBXFileReference; lastKnownFileType = wrapper.xcdatamodel; path = DatabaseV1.xcdatamodel; sourceTree = "<group>"; };
		BCF98922247C2D57003DE64F /* DatabaseClient.swift */ = {isa = PBXFileReference; lastKnownFileType = sourcecode.swift; path = DatabaseClient.swift; sourceTree = "<group>"; };
		BCFE2C492476017600293574 /* P_TabBarChildViewController.swift */ = {isa = PBXFileReference; lastKnownFileType = sourcecode.swift; path = P_TabBarChildViewController.swift; sourceTree = "<group>"; };
/* End PBXFileReference section */

/* Begin PBXFrameworksBuildPhase section */
		BC969C0F24753BE20070A065 /* Frameworks */ = {
			isa = PBXFrameworksBuildPhase;
			buildActionMask = 2147483647;
			files = (
				BC01C12A2480ECD200227F48 /* Alamofire in Frameworks */,
			);
			runOnlyForDeploymentPostprocessing = 0;
		};
/* End PBXFrameworksBuildPhase section */

/* Begin PBXGroup section */
		BC228FD5247DB2A7004C79AF /* Models */ = {
			isa = PBXGroup;
			children = (
				BCC8977524793FD900060CF9 /* TypeSafeIndentifiers.swift */,
				BC311B8D2482992500A2E20C /* Database */,
				BC311B8C2482991D00A2E20C /* Network */,
			);
			path = Models;
			sourceTree = "<group>";
		};
		BC311B8C2482991D00A2E20C /* Network */ = {
			isa = PBXGroup;
			children = (
				BC311B912482994F00A2E20C /* Commit */,
				BC311B8F2482993800A2E20C /* Author */,
			);
			path = Network;
			sourceTree = "<group>";
		};
		BC311B8D2482992500A2E20C /* Database */ = {
			isa = PBXGroup;
			children = (
				BC311B902482994B00A2E20C /* Commit */,
				BC311B8E2482993000A2E20C /* Author */,
			);
			path = Database;
			sourceTree = "<group>";
		};
		BC311B8E2482993000A2E20C /* Author */ = {
			isa = PBXGroup;
			children = (
				BC228FDB247DC6A3004C79AF /* AuthorMO+CoreDataClass.swift */,
				BC228FDC247DC6A3004C79AF /* AuthorMO+CoreDataProperties.swift */,
				BC75B27924827ADD008DD933 /* AuthorMO+P_DatabaseModel.swift */,
			);
			path = Author;
			sourceTree = "<group>";
		};
		BC311B8F2482993800A2E20C /* Author */ = {
			isa = PBXGroup;
			children = (
				BC607C07247EFE760004F9AB /* AuthorNO.swift */,
			);
			path = Author;
			sourceTree = "<group>";
		};
		BC311B902482994B00A2E20C /* Commit */ = {
			isa = PBXGroup;
			children = (
				BC228FD1247DB2A1004C79AF /* CommitMO+CoreDataClass.swift */,
				BC228FDA247DC6A3004C79AF /* CommitMO+CoreDataProperties.swift */,
				BC75B27B24827AF9008DD933 /* CommitMO+P_DatabaseModel.swift */,
			);
			path = Commit;
			sourceTree = "<group>";
		};
		BC311B912482994F00A2E20C /* Commit */ = {
			isa = PBXGroup;
			children = (
				BC607C09247EFE8A0004F9AB /* CommitNO.swift */,
			);
			path = Commit;
			sourceTree = "<group>";
		};
		BC607C05247EFE430004F9AB /* Services */ = {
			isa = PBXGroup;
			children = (
				BC607C0B247EFE9F0004F9AB /* API */,
				BCF98921247C2D46003DE64F /* Database */,
			);
			path = Services;
			sourceTree = "<group>";
		};
		BC607C0B247EFE9F0004F9AB /* API */ = {
			isa = PBXGroup;
			children = (
				BCAE9B6024954A1F006334BE /* NetworkRequest */,
				BC75B28324828CD1008DD933 /* Common */,
				BC6817EF247F2370007FA653 /* NetworkClient.swift */,
				BC311B8A2482971E00A2E20C /* GithubService.swift */,
			);
			path = API;
			sourceTree = "<group>";
		};
		BC6B96FC2477BEA200764C6C /* Views */ = {
			isa = PBXGroup;
			children = (
				BC6B97132477C7BE00764C6C /* Protocols */,
				BC6B97042477C16C00764C6C /* IBDesignableViews */,
				BC6B96FF2477BEFB00764C6C /* CreditCardView */,
				BCD6B4D72475BBD300731283 /* TabBarSharedView.swift */,
				BCC654022479AB1300FF0A65 /* UITextFieldRegex.swift */,
			);
			path = Views;
			sourceTree = "<group>";
		};
		BC6B96FD2477BEB000764C6C /* Resources */ = {
			isa = PBXGroup;
			children = (
				BC969C1B24753BE20070A065 /* Main.storyboard */,
				BC969C1E24753BE50070A065 /* Assets.xcassets */,
				BC969C2024753BE50070A065 /* LaunchScreen.storyboard */,
				BC969C2324753BE50070A065 /* Info.plist */,
			);
			path = Resources;
			sourceTree = "<group>";
		};
		BC6B96FE2477BEB600764C6C /* Controllers */ = {
			isa = PBXGroup;
			children = (
				BCAE9B5324953621006334BE /* NavigationController+Options */,
				BC969C1524753BE20070A065 /* AppDelegate.swift */,
				BC969C1924753BE20070A065 /* ViewController.swift */,
				BC969C2924753E370070A065 /* TabBarController */,
				BC228FD7247DBA8B004C79AF /* GithubCommitsVC.swift */,
			);
			path = Controllers;
			sourceTree = "<group>";
		};
		BC6B96FF2477BEFB00764C6C /* CreditCardView */ = {
			isa = PBXGroup;
			children = (
				BC6B96FA2477BE9B00764C6C /* CreditCardView.swift */,
				BC6B97002477BF0500764C6C /* CreditCardView.xib */,
			);
			path = CreditCardView;
			sourceTree = "<group>";
		};
		BC6B97042477C16C00764C6C /* IBDesignableViews */ = {
			isa = PBXGroup;
			children = (
				BCC8977C247943A500060CF9 /* Extensions */,
				BC6B97052477C17400764C6C /* UIView.swift */,
				BC6B97092477C1D900764C6C /* UIButton.swift */,
				BC6B970B2477C1EC00764C6C /* UIImageView.swift */,
				BC6B970D2477C20400764C6C /* UITextField.swift */,
				BC6B970F2477C24E00764C6C /* UILabel.swift */,
				BC6B97112477C26B00764C6C /* UISegmentedControl.swift */,
			);
			path = IBDesignableViews;
			sourceTree = "<group>";
		};
		BC6B97132477C7BE00764C6C /* Protocols */ = {
			isa = PBXGroup;
			children = (
				BC6B97142477C7C600764C6C /* P_XibLoadableView.swift */,
			);
			path = Protocols;
			sourceTree = "<group>";
		};
		BC75B28324828CD1008DD933 /* Common */ = {
			isa = PBXGroup;
			children = (
				BC75B28124828CCD008DD933 /* NetworkClientError.swift */,
			);
			path = Common;
			sourceTree = "<group>";
		};
		BC969C0924753BE20070A065 = {
			isa = PBXGroup;
			children = (
				BC969C1424753BE20070A065 /* SwipeTabBarController */,
				BC969C1324753BE20070A065 /* Products */,
			);
			sourceTree = "<group>";
		};
		BC969C1324753BE20070A065 /* Products */ = {
			isa = PBXGroup;
			children = (
				BC969C1224753BE20070A065 /* SwipeTabBarController.app */,
			);
			name = Products;
			sourceTree = "<group>";
		};
		BC969C1424753BE20070A065 /* SwipeTabBarController */ = {
			isa = PBXGroup;
			children = (
				BCC8977224793D3B00060CF9 /* Samples */,
				BC607C05247EFE430004F9AB /* Services */,
				BC228FD5247DB2A7004C79AF /* Models */,
				BC6B96FE2477BEB600764C6C /* Controllers */,
				BC6B96FC2477BEA200764C6C /* Views */,
				BCC8977F2479495200060CF9 /* Protocols */,
				BC6B96FD2477BEB000764C6C /* Resources */,
				BCC8976F24793C1C00060CF9 /* Extensions */,
			);
			path = SwipeTabBarController;
			sourceTree = "<group>";
		};
		BC969C2924753E370070A065 /* TabBarController */ = {
			isa = PBXGroup;
			children = (
				BC969C3224753ECB0070A065 /* TabBarController.swift */,
				BC969C2E24753E7A0070A065 /* TabBarInteractiveAnimator.swift */,
				BC969C2A24753E460070A065 /* TabBarTransitionAnimator.swift */,
				BCFE2C492476017600293574 /* P_TabBarChildViewController.swift */,
				BCEB51BD24769736001E366D /* AnimationOptions+AnimationCurve.swift */,
			);
			path = TabBarController;
			sourceTree = "<group>";
		};
		BCADC3372480506500599CB5 /* Common */ = {
			isa = PBXGroup;
			children = (
				BCADC3352480505700599CB5 /* NSManagedObject+KeyPath.swift */,
				BC6817EB247F05A2007FA653 /* DatabaseError.swift */,
				BCADC32F2480401C00599CB5 /* DatabaseSort.swift */,
				BCADC3332480503300599CB5 /* DatabasePredicate.swift */,
				BC2E9FE7248082490052D04B /* P_DatabaseModelService.swift */,
				BC75B27724827A6A008DD933 /* P_DatabaseModel.swift */,
				BC75B27D2482803A008DD933 /* DatabaseFetchOptions.swift */,
			);
			path = Common;
			sourceTree = "<group>";
		};
		BCAE9B5324953621006334BE /* NavigationController+Options */ = {
			isa = PBXGroup;
			children = (
				BCAE9B51249535E4006334BE /* UmicoNavigationController.swift */,
				BCAE9B542495363A006334BE /* ViewController3.swift */,
				BCAE9B562495364C006334BE /* ViewController4.swift */,
			);
			path = "NavigationController+Options";
			sourceTree = "<group>";
		};
		BCAE9B6024954A1F006334BE /* NetworkRequest */ = {
			isa = PBXGroup;
			children = (
				BC69E3342483D492005D9EAD /* NetworkRequest.swift */,
				BCAE9B58249549A5006334BE /* Path.swift */,
				BCAE9B5A249549C5006334BE /* Method.swift */,
				BCAE9B5C249549F2006334BE /* BodyParameters.swift */,
				BCAE9B5E24954A14006334BE /* QueryParameters.swift */,
				BC75B27F24828CA5008DD933 /* MultipartFormData.swift */,
			);
			path = NetworkRequest;
			sourceTree = "<group>";
		};
		BCC8976F24793C1C00060CF9 /* Extensions */ = {
			isa = PBXGroup;
			children = (
				BCC89779247942D900060CF9 /* UIImage */,
				BCC8977024793C3300060CF9 /* String+App Version.swift */,
				BC43B3B4247B15640096427F /* UIView+Snapshot.swift */,
			);
			path = Extensions;
			sourceTree = "<group>";
		};
		BCC8977224793D3B00060CF9 /* Samples */ = {
			isa = PBXGroup;
			children = (
				BCC8977324793D4A00060CF9 /* Reflection.swift */,
				BCADC32D24803FC500599CB5 /* Task.swift */,
				BCADC3312480479300599CB5 /* Predicates.swift */,
			);
			path = Samples;
			sourceTree = "<group>";
		};
		BCC89779247942D900060CF9 /* UIImage */ = {
			isa = PBXGroup;
			children = (
				BCC8977A247942E200060CF9 /* UIImage+CornerRadius.swift */,
				BCC89777247942B800060CF9 /* UIImage+Color.swift */,
			);
			path = UIImage;
			sourceTree = "<group>";
		};
		BCC8977C247943A500060CF9 /* Extensions */ = {
			isa = PBXGroup;
			children = (
				BC6B97072477C19600764C6C /* CGColor+UIColor.swift */,
			);
			path = Extensions;
			sourceTree = "<group>";
		};
		BCC8977F2479495200060CF9 /* Protocols */ = {
			isa = PBXGroup;
			children = (
				BCBF7A0924795963007EA76E /* P_ClosureSelector.swift */,
				BCC8977D2479493B00060CF9 /* P_KeyboardObservable.swift */,
			);
			path = Protocols;
			sourceTree = "<group>";
		};
		BCF98921247C2D46003DE64F /* Database */ = {
			isa = PBXGroup;
			children = (
				BCADC3372480506500599CB5 /* Common */,
				BCF9891E247C2C97003DE64F /* DatabaseV1.xcdatamodeld */,
				BCF98922247C2D57003DE64F /* DatabaseClient.swift */,
				BC6817E9247F0591007FA653 /* DatabaseCommitService.swift */,
				BC6817ED247F08C3007FA653 /* DatabaseAuthorService.swift */,
			);
			path = Database;
			sourceTree = "<group>";
		};
/* End PBXGroup section */

/* Begin PBXNativeTarget section */
		BC969C1124753BE20070A065 /* SwipeTabBarController */ = {
			isa = PBXNativeTarget;
			buildConfigurationList = BC969C2624753BE50070A065 /* Build configuration list for PBXNativeTarget "SwipeTabBarController" */;
			buildPhases = (
				BC969C0E24753BE20070A065 /* Sources */,
				BC969C0F24753BE20070A065 /* Frameworks */,
				BC969C1024753BE20070A065 /* Resources */,
			);
			buildRules = (
			);
			dependencies = (
			);
			name = SwipeTabBarController;
			packageProductDependencies = (
				BC01C1292480ECD200227F48 /* Alamofire */,
			);
			productName = SwipeTabBarController;
			productReference = BC969C1224753BE20070A065 /* SwipeTabBarController.app */;
			productType = "com.apple.product-type.application";
		};
/* End PBXNativeTarget section */

/* Begin PBXProject section */
		BC969C0A24753BE20070A065 /* Project object */ = {
			isa = PBXProject;
			attributes = {
				LastSwiftUpdateCheck = 1140;
				LastUpgradeCheck = 1140;
				ORGANIZATIONNAME = "Vadym Zhydenko";
				TargetAttributes = {
					BC969C1124753BE20070A065 = {
						CreatedOnToolsVersion = 11.4.1;
					};
				};
			};
			buildConfigurationList = BC969C0D24753BE20070A065 /* Build configuration list for PBXProject "SwipeTabBarController" */;
			compatibilityVersion = "Xcode 9.3";
			developmentRegion = en;
			hasScannedForEncodings = 0;
			knownRegions = (
				en,
				Base,
			);
			mainGroup = BC969C0924753BE20070A065;
			packageReferences = (
				BC01C1282480ECD200227F48 /* XCRemoteSwiftPackageReference "Alamofire" */,
			);
			productRefGroup = BC969C1324753BE20070A065 /* Products */;
			projectDirPath = "";
			projectRoot = "";
			targets = (
				BC969C1124753BE20070A065 /* SwipeTabBarController */,
			);
		};
/* End PBXProject section */

/* Begin PBXResourcesBuildPhase section */
		BC969C1024753BE20070A065 /* Resources */ = {
			isa = PBXResourcesBuildPhase;
			buildActionMask = 2147483647;
			files = (
				BC969C2224753BE50070A065 /* LaunchScreen.storyboard in Resources */,
				BC969C1F24753BE50070A065 /* Assets.xcassets in Resources */,
				BC969C1D24753BE20070A065 /* Main.storyboard in Resources */,
				BC6B97012477BF0500764C6C /* CreditCardView.xib in Resources */,
			);
			runOnlyForDeploymentPostprocessing = 0;
		};
/* End PBXResourcesBuildPhase section */

/* Begin PBXSourcesBuildPhase section */
		BC969C0E24753BE20070A065 /* Sources */ = {
			isa = PBXSourcesBuildPhase;
			buildActionMask = 2147483647;
			files = (
				BC75B27A24827ADD008DD933 /* AuthorMO+P_DatabaseModel.swift in Sources */,
				BC228FD8247DBA8B004C79AF /* GithubCommitsVC.swift in Sources */,
				BCADC3342480503300599CB5 /* DatabasePredicate.swift in Sources */,
				BC228FDE247DC6A3004C79AF /* CommitMO+CoreDataProperties.swift in Sources */,
				BC228FD3247DB2A1004C79AF /* CommitMO+CoreDataClass.swift in Sources */,
				BC228FDF247DC6A3004C79AF /* AuthorMO+CoreDataClass.swift in Sources */,
				BC969C3324753ECB0070A065 /* TabBarController.swift in Sources */,
				BCADC3362480505700599CB5 /* NSManagedObject+KeyPath.swift in Sources */,
				BC607C0A247EFE8A0004F9AB /* CommitNO.swift in Sources */,
				BCAE9B52249535E4006334BE /* UmicoNavigationController.swift in Sources */,
				BC6B970A2477C1D900764C6C /* UIButton.swift in Sources */,
				BC6817EC247F05A2007FA653 /* DatabaseError.swift in Sources */,
				BC6817F0247F2370007FA653 /* NetworkClient.swift in Sources */,
				BCC8977124793C3300060CF9 /* String+App Version.swift in Sources */,
				BC6B970C2477C1EC00764C6C /* UIImageView.swift in Sources */,
				BCF98920247C2C97003DE64F /* DatabaseV1.xcdatamodeld in Sources */,
				BC43B3B5247B15640096427F /* UIView+Snapshot.swift in Sources */,
				BCAE9B59249549A5006334BE /* Path.swift in Sources */,
				BC969C1A24753BE20070A065 /* ViewController.swift in Sources */,
				BC75B28024828CA5008DD933 /* MultipartFormData.swift in Sources */,
				BCC89778247942B800060CF9 /* UIImage+Color.swift in Sources */,
				BC969C1624753BE20070A065 /* AppDelegate.swift in Sources */,
				BCC8977424793D4A00060CF9 /* Reflection.swift in Sources */,
				BC75B27824827A6A008DD933 /* P_DatabaseModel.swift in Sources */,
				BC75B28224828CCD008DD933 /* NetworkClientError.swift in Sources */,
				BCAE9B5B249549C5006334BE /* Method.swift in Sources */,
				BC2E9FE8248082490052D04B /* P_DatabaseModelService.swift in Sources */,
				BCAE9B552495363A006334BE /* ViewController3.swift in Sources */,
				BCC654032479AB1300FF0A65 /* UITextFieldRegex.swift in Sources */,
				BC6B97062477C17400764C6C /* UIView.swift in Sources */,
				BCC8977E2479493B00060CF9 /* P_KeyboardObservable.swift in Sources */,
				BC69E3352483D492005D9EAD /* NetworkRequest.swift in Sources */,
				BCAE9B572495364C006334BE /* ViewController4.swift in Sources */,
				BC6B97102477C24E00764C6C /* UILabel.swift in Sources */,
				BC969C2F24753E7A0070A065 /* TabBarInteractiveAnimator.swift in Sources */,
				BC6817EE247F08C3007FA653 /* DatabaseAuthorService.swift in Sources */,
				BCEB51BE24769736001E366D /* AnimationOptions+AnimationCurve.swift in Sources */,
				BCC8977B247942E200060CF9 /* UIImage+CornerRadius.swift in Sources */,
				BCAE9B5D249549F2006334BE /* BodyParameters.swift in Sources */,
				BC75B27C24827AF9008DD933 /* CommitMO+P_DatabaseModel.swift in Sources */,
				BC6B96FB2477BE9B00764C6C /* CreditCardView.swift in Sources */,
				BCFE2C4A2476017600293574 /* P_TabBarChildViewController.swift in Sources */,
				BC6B970E2477C20400764C6C /* UITextField.swift in Sources */,
				BC6B97082477C19600764C6C /* CGColor+UIColor.swift in Sources */,
				BCADC3322480479300599CB5 /* Predicates.swift in Sources */,
				BC607C08247EFE760004F9AB /* AuthorNO.swift in Sources */,
				BC75B27E2482803A008DD933 /* DatabaseFetchOptions.swift in Sources */,
				BCF98923247C2D57003DE64F /* DatabaseClient.swift in Sources */,
				BC228FE0247DC6A3004C79AF /* AuthorMO+CoreDataProperties.swift in Sources */,
				BCADC32E24803FC500599CB5 /* Task.swift in Sources */,
				BCD6B4D82475BBD300731283 /* TabBarSharedView.swift in Sources */,
				BCADC3302480401C00599CB5 /* DatabaseSort.swift in Sources */,
				BC311B8B2482971E00A2E20C /* GithubService.swift in Sources */,
				BC6B97152477C7C600764C6C /* P_XibLoadableView.swift in Sources */,
				BC6817EA247F0591007FA653 /* DatabaseCommitService.swift in Sources */,
				BCAE9B5F24954A14006334BE /* QueryParameters.swift in Sources */,
				BC969C2B24753E460070A065 /* TabBarTransitionAnimator.swift in Sources */,
				BCC8977624793FD900060CF9 /* TypeSafeIndentifiers.swift in Sources */,
				BCBF7A0A24795963007EA76E /* P_ClosureSelector.swift in Sources */,
				BC6B97122477C26B00764C6C /* UISegmentedControl.swift in Sources */,
			);
			runOnlyForDeploymentPostprocessing = 0;
		};
/* End PBXSourcesBuildPhase section */

/* Begin PBXVariantGroup section */
		BC969C1B24753BE20070A065 /* Main.storyboard */ = {
			isa = PBXVariantGroup;
			children = (
				BC969C1C24753BE20070A065 /* Base */,
			);
			name = Main.storyboard;
			sourceTree = "<group>";
		};
		BC969C2024753BE50070A065 /* LaunchScreen.storyboard */ = {
			isa = PBXVariantGroup;
			children = (
				BC969C2124753BE50070A065 /* Base */,
			);
			name = LaunchScreen.storyboard;
			sourceTree = "<group>";
		};
/* End PBXVariantGroup section */

/* Begin XCBuildConfiguration section */
		BC969C2424753BE50070A065 /* Debug */ = {
			isa = XCBuildConfiguration;
			buildSettings = {
				ALWAYS_SEARCH_USER_PATHS = NO;
				CLANG_ANALYZER_NONNULL = YES;
				CLANG_ANALYZER_NUMBER_OBJECT_CONVERSION = YES_AGGRESSIVE;
				CLANG_CXX_LANGUAGE_STANDARD = "gnu++14";
				CLANG_CXX_LIBRARY = "libc++";
				CLANG_ENABLE_MODULES = YES;
				CLANG_ENABLE_OBJC_ARC = YES;
				CLANG_ENABLE_OBJC_WEAK = YES;
				CLANG_WARN_BLOCK_CAPTURE_AUTORELEASING = YES;
				CLANG_WARN_BOOL_CONVERSION = YES;
				CLANG_WARN_COMMA = YES;
				CLANG_WARN_CONSTANT_CONVERSION = YES;
				CLANG_WARN_DEPRECATED_OBJC_IMPLEMENTATIONS = YES;
				CLANG_WARN_DIRECT_OBJC_ISA_USAGE = YES_ERROR;
				CLANG_WARN_DOCUMENTATION_COMMENTS = YES;
				CLANG_WARN_EMPTY_BODY = YES;
				CLANG_WARN_ENUM_CONVERSION = YES;
				CLANG_WARN_INFINITE_RECURSION = YES;
				CLANG_WARN_INT_CONVERSION = YES;
				CLANG_WARN_NON_LITERAL_NULL_CONVERSION = YES;
				CLANG_WARN_OBJC_IMPLICIT_RETAIN_SELF = YES;
				CLANG_WARN_OBJC_LITERAL_CONVERSION = YES;
				CLANG_WARN_OBJC_ROOT_CLASS = YES_ERROR;
				CLANG_WARN_RANGE_LOOP_ANALYSIS = YES;
				CLANG_WARN_STRICT_PROTOTYPES = YES;
				CLANG_WARN_SUSPICIOUS_MOVE = YES;
				CLANG_WARN_UNGUARDED_AVAILABILITY = YES_AGGRESSIVE;
				CLANG_WARN_UNREACHABLE_CODE = YES;
				CLANG_WARN__DUPLICATE_METHOD_MATCH = YES;
				COPY_PHASE_STRIP = NO;
				DEBUG_INFORMATION_FORMAT = dwarf;
				ENABLE_STRICT_OBJC_MSGSEND = YES;
				ENABLE_TESTABILITY = YES;
				GCC_C_LANGUAGE_STANDARD = gnu11;
				GCC_DYNAMIC_NO_PIC = NO;
				GCC_NO_COMMON_BLOCKS = YES;
				GCC_OPTIMIZATION_LEVEL = 0;
				GCC_PREPROCESSOR_DEFINITIONS = (
					"DEBUG=1",
					"$(inherited)",
				);
				GCC_WARN_64_TO_32_BIT_CONVERSION = YES;
				GCC_WARN_ABOUT_RETURN_TYPE = YES_ERROR;
				GCC_WARN_UNDECLARED_SELECTOR = YES;
				GCC_WARN_UNINITIALIZED_AUTOS = YES_AGGRESSIVE;
				GCC_WARN_UNUSED_FUNCTION = YES;
				GCC_WARN_UNUSED_VARIABLE = YES;
				IPHONEOS_DEPLOYMENT_TARGET = 11.0;
				MTL_ENABLE_DEBUG_INFO = INCLUDE_SOURCE;
				MTL_FAST_MATH = YES;
				ONLY_ACTIVE_ARCH = YES;
				SDKROOT = iphoneos;
				SWIFT_ACTIVE_COMPILATION_CONDITIONS = DEBUG;
				SWIFT_OPTIMIZATION_LEVEL = "-Onone";
			};
			name = Debug;
		};
		BC969C2524753BE50070A065 /* Release */ = {
			isa = XCBuildConfiguration;
			buildSettings = {
				ALWAYS_SEARCH_USER_PATHS = NO;
				CLANG_ANALYZER_NONNULL = YES;
				CLANG_ANALYZER_NUMBER_OBJECT_CONVERSION = YES_AGGRESSIVE;
				CLANG_CXX_LANGUAGE_STANDARD = "gnu++14";
				CLANG_CXX_LIBRARY = "libc++";
				CLANG_ENABLE_MODULES = YES;
				CLANG_ENABLE_OBJC_ARC = YES;
				CLANG_ENABLE_OBJC_WEAK = YES;
				CLANG_WARN_BLOCK_CAPTURE_AUTORELEASING = YES;
				CLANG_WARN_BOOL_CONVERSION = YES;
				CLANG_WARN_COMMA = YES;
				CLANG_WARN_CONSTANT_CONVERSION = YES;
				CLANG_WARN_DEPRECATED_OBJC_IMPLEMENTATIONS = YES;
				CLANG_WARN_DIRECT_OBJC_ISA_USAGE = YES_ERROR;
				CLANG_WARN_DOCUMENTATION_COMMENTS = YES;
				CLANG_WARN_EMPTY_BODY = YES;
				CLANG_WARN_ENUM_CONVERSION = YES;
				CLANG_WARN_INFINITE_RECURSION = YES;
				CLANG_WARN_INT_CONVERSION = YES;
				CLANG_WARN_NON_LITERAL_NULL_CONVERSION = YES;
				CLANG_WARN_OBJC_IMPLICIT_RETAIN_SELF = YES;
				CLANG_WARN_OBJC_LITERAL_CONVERSION = YES;
				CLANG_WARN_OBJC_ROOT_CLASS = YES_ERROR;
				CLANG_WARN_RANGE_LOOP_ANALYSIS = YES;
				CLANG_WARN_STRICT_PROTOTYPES = YES;
				CLANG_WARN_SUSPICIOUS_MOVE = YES;
				CLANG_WARN_UNGUARDED_AVAILABILITY = YES_AGGRESSIVE;
				CLANG_WARN_UNREACHABLE_CODE = YES;
				CLANG_WARN__DUPLICATE_METHOD_MATCH = YES;
				COPY_PHASE_STRIP = NO;
				DEBUG_INFORMATION_FORMAT = "dwarf-with-dsym";
				ENABLE_NS_ASSERTIONS = NO;
				ENABLE_STRICT_OBJC_MSGSEND = YES;
				GCC_C_LANGUAGE_STANDARD = gnu11;
				GCC_NO_COMMON_BLOCKS = YES;
				GCC_WARN_64_TO_32_BIT_CONVERSION = YES;
				GCC_WARN_ABOUT_RETURN_TYPE = YES_ERROR;
				GCC_WARN_UNDECLARED_SELECTOR = YES;
				GCC_WARN_UNINITIALIZED_AUTOS = YES_AGGRESSIVE;
				GCC_WARN_UNUSED_FUNCTION = YES;
				GCC_WARN_UNUSED_VARIABLE = YES;
				IPHONEOS_DEPLOYMENT_TARGET = 11.0;
				MTL_ENABLE_DEBUG_INFO = NO;
				MTL_FAST_MATH = YES;
				SDKROOT = iphoneos;
				SWIFT_COMPILATION_MODE = wholemodule;
				SWIFT_OPTIMIZATION_LEVEL = "-O";
				VALIDATE_PRODUCT = YES;
			};
			name = Release;
		};
		BC969C2724753BE50070A065 /* Debug */ = {
			isa = XCBuildConfiguration;
			buildSettings = {
				ASSETCATALOG_COMPILER_APPICON_NAME = AppIcon;
				CODE_SIGN_STYLE = Automatic;
				DEVELOPMENT_TEAM = U2HP968M4R;
				INFOPLIST_FILE = SwipeTabBarController/Resources/Info.plist;
				LD_RUNPATH_SEARCH_PATHS = (
					"$(inherited)",
					"@executable_path/Frameworks",
				);
				PRODUCT_BUNDLE_IDENTIFIER = com.zhydenko.developer.SwipeTabBarController;
				PRODUCT_NAME = "$(TARGET_NAME)";
				SWIFT_VERSION = 5.0;
				TARGETED_DEVICE_FAMILY = "1,2";
			};
			name = Debug;
		};
		BC969C2824753BE50070A065 /* Release */ = {
			isa = XCBuildConfiguration;
			buildSettings = {
				ASSETCATALOG_COMPILER_APPICON_NAME = AppIcon;
				CODE_SIGN_STYLE = Automatic;
				DEVELOPMENT_TEAM = U2HP968M4R;
				INFOPLIST_FILE = SwipeTabBarController/Resources/Info.plist;
				LD_RUNPATH_SEARCH_PATHS = (
					"$(inherited)",
					"@executable_path/Frameworks",
				);
				PRODUCT_BUNDLE_IDENTIFIER = com.zhydenko.developer.SwipeTabBarController;
				PRODUCT_NAME = "$(TARGET_NAME)";
				SWIFT_VERSION = 5.0;
				TARGETED_DEVICE_FAMILY = "1,2";
			};
			name = Release;
		};
/* End XCBuildConfiguration section */

/* Begin XCConfigurationList section */
		BC969C0D24753BE20070A065 /* Build configuration list for PBXProject "SwipeTabBarController" */ = {
			isa = XCConfigurationList;
			buildConfigurations = (
				BC969C2424753BE50070A065 /* Debug */,
				BC969C2524753BE50070A065 /* Release */,
			);
			defaultConfigurationIsVisible = 0;
			defaultConfigurationName = Release;
		};
		BC969C2624753BE50070A065 /* Build configuration list for PBXNativeTarget "SwipeTabBarController" */ = {
			isa = XCConfigurationList;
			buildConfigurations = (
				BC969C2724753BE50070A065 /* Debug */,
				BC969C2824753BE50070A065 /* Release */,
			);
			defaultConfigurationIsVisible = 0;
			defaultConfigurationName = Release;
		};
/* End XCConfigurationList section */

/* Begin XCRemoteSwiftPackageReference section */
		BC01C1282480ECD200227F48 /* XCRemoteSwiftPackageReference "Alamofire" */ = {
			isa = XCRemoteSwiftPackageReference;
			repositoryURL = "https://github.com/Alamofire/Alamofire.git";
			requirement = {
				kind = upToNextMajorVersion;
				minimumVersion = 5.2.1;
			};
		};
/* End XCRemoteSwiftPackageReference section */

/* Begin XCSwiftPackageProductDependency section */
		BC01C1292480ECD200227F48 /* Alamofire */ = {
			isa = XCSwiftPackageProductDependency;
			package = BC01C1282480ECD200227F48 /* XCRemoteSwiftPackageReference "Alamofire" */;
			productName = Alamofire;
		};
/* End XCSwiftPackageProductDependency section */

/* Begin XCVersionGroup section */
		BCF9891E247C2C97003DE64F /* DatabaseV1.xcdatamodeld */ = {
			isa = XCVersionGroup;
			children = (
				BCF9891F247C2C97003DE64F /* DatabaseV1.xcdatamodel */,
			);
			currentVersion = BCF9891F247C2C97003DE64F /* DatabaseV1.xcdatamodel */;
			path = DatabaseV1.xcdatamodeld;
			sourceTree = "<group>";
			versionGroupType = wrapper.xcdatamodel;
		};
/* End XCVersionGroup section */
	};
	rootObject = BC969C0A24753BE20070A065 /* Project object */;
}
